
Microsoft Visual Studio Solution File, Format Version 12.00
# Visual Studio 2013
VisualStudioVersion = 12.0.21005.1
MinimumVisualStudioVersion = 10.0.40219.1
Project("{FAE04EC0-301F-11D3-BF4B-00C04F79EFBC}") = "LibrarySystem.Data", "LibrarySystem.Data\LibrarySystem.Data.csproj", "{706D3A46-8169-4B18-B6D8-E9E73F2F102E}"
EndProject
Project("{FAE04EC0-301F-11D3-BF4B-00C04F79EFBC}") = "LibrarySystem.Web", "LibrarySystem.Web\LibrarySystem.Web.csproj", "{303B07AA-09C9-45EE-9691-8FDDFF83D0FD}"
EndProject
Global
	GlobalSection(SolutionConfigurationPlatforms) = preSolution
		Debug|Any CPU = Debug|Any CPU
		Release|Any CPU = Release|Any CPU
	EndGlobalSection
	GlobalSection(ProjectConfigurationPlatforms) = postSolution
		{706D3A46-8169-4B18-B6D8-E9E73F2F102E}.Debug|Any CPU.ActiveCfg = Debug|Any CPU
		{706D3A46-8169-4B18-B6D8-E9E73F2F102E}.Debug|Any CPU.Build.0 = Debug|Any CPU
		{706D3A46-8169-4B18-B6D8-E9E73F2F102E}.Release|Any CPU.ActiveCfg = Release|Any CPU
		{706D3A46-8169-4B18-B6D8-E9E73F2F102E}.Release|Any CPU.Build.0 = Release|Any CPU
		{303B07AA-09C9-45EE-9691-8FDDFF83D0FD}.Debug|Any CPU.ActiveCfg = Debug|Any CPU
		{303B07AA-09C9-45EE-9691-8FDDFF83D0FD}.Debug|Any CPU.Build.0 = Debug|Any CPU
		{303B07AA-09C9-45EE-9691-8FDDFF83D0FD}.Release|Any CPU.ActiveCfg = Release|Any CPU
		{303B07AA-09C9-45EE-9691-8FDDFF83D0FD}.Release|Any CPU.Build.0 = Release|Any CPU
	EndGlobalSection
	GlobalSection(SolutionProperties) = preSolution
		HideSolutionNode = FALSE
	EndGlobalSection
EndGlobal
